{
    "compiler": "ghc-9.0.2",
    "units": [
        "HUnit-1.6.2.0-64823212ec1b77663d990e7097b2e60a1d95b6cd2acc4f524c7502fc214ea9b3",
        "OneTuple-0.3.1-276a762a3ca2bf7264a85a29a17b1a390b41e46950e463df777619f834ae0f43",
        "QuickCheck-2.14.2-668a5bd33662dcf3224f1c938867b04a356b7b0232e72ef1235acde0226e9317",
        "RSA-2.4.1-fc7bfabed53cbd4ee50dc4e7ac56a43f26de80e7248608fbc3528fb65859e98d",
        "SHA-1.6.4.4-c2ffd557c0d8a8dab0c508a00a04dd8d78f29f92525842ea57dd035ab8a902ad",
        "StateVar-1.2.2-5418cd17e7bc5d255ecbac856de427c7f041d9658febb445a6133a010cd0151c",
        "aeson-2.1.1.0-52ac320ad9fe2f8cae361668c2aa0a1f6b63e2b29d92abdc25dfa9e9db6463a1",
        "aeson-pretty-0.8.9-e-aeson-pretty-b6fd2c0bfd43be9e3917039b75910934e66ff66c7f3447e38ef14bee509d0f50",
        "aeson-pretty-0.8.9-f10eadc212a4e3c5875bff6ae628c702fde7de7696a67df010d08eee28309994",
        "ansi-terminal-0.11.4-2ab54d8f2225ebe65114b4a7ab44e178d22a6bdb8a65bd90c9386b2c2610c414",
        "ansi-wl-pprint-0.6.9-429ea4405c650c7fdbd1902f0fa8a5099f584e4db30d34ae6acb452eccd3447b",
        "appar-0.1.8-6586165814aa330bd57ee334d74c986c541905c796b5ec65fcaf90f23693e9ea",
        "asn1-encoding-0.9.6-ecbbef5d2a0760e2b981947fb9914e1810e58950aacb4d91d90a5e82adb1857a",
        "asn1-parse-0.9.5-5df786d8710689e3e5c9012191498da733a0bdda36acc9912828b1fcde38d4ce",
        "asn1-types-0.3.4-9e09a869832f9d98ceec2f22d857e2ef7657378a7d28dbac7bfce5aad38b3df8",
        "assoc-1.0.2-20d25047307a99c8323496afcec805dfc335608ef05473490c92fd46938fdc34",
        "async-2.2.4-16cfe62ad7bd1eedd25ba01bfcacfa34e1100f588e1f5466a1f9e3e9026688d0",
        "attoparsec-0.14.4-55e799e84136cba122fdc96664e9790764227ba34fd48a43bc3e4fab047e21f2",
        "attoparsec-0.14.4-l-attoparsec-internal-1c84e1b8d306a0bc15d57271cf3b505ff3b7b23cdc550eef674cc593ba7435c4",
        "attoparsec-iso8601-1.1.0.0-e5c821251ec702216af8d99d8b69ca99c5f8bb75a06036dae9bfd8a47032ee2c",
        "authenticate-oauth-1.7-7595fdec49ad058602d8b89315fe5e1a0eb380b8aea069e41b21e3685f4a6fe1",
        "auto-update-0.1.6-79e633b7d738a606fee5954a7a406dd5e8f899b3c2afde18062cf4d48c29bf2d",
        "base-compat-0.12.2-6f61e0b43bc0dae165db9886c6a043312928e30117460a9925abb6d6af630568",
        "base-compat-batteries-0.12.2-a63392f62f6005a885b9a26255b778aae85d1b78e3d9439b73cfaf27fa85efd5",
        "base-orphans-0.8.7-c111555101210a622dc87f97d210024c20963822a93df61cd0b7170e7bd66c74",
        "base16-bytestring-1.0.2.0-d5100e8597c646e762d97c01925f04f3e089c77b2a46100bd2a36e50478fd9de",
        "base64-bytestring-1.2.1.0-e288ba0a5778c3d06b6c41b0f784a5c9ecc3ca37f4932351487650d22d6f21bb",
        "basement-0.0.15-9c92d438e925ba23397237d38938280fda1ae33680621c446b1450b0f3311a8c",
        "bifunctors-5.5.14-f469977c204f5af275b0833f62811ca7775a2165f4ec8a83f8970191218093e9",
        "blaze-builder-0.4.2.2-78cb9a0b198c2324fcd5a0abe5dd1828c529b0667af1489a5f044b388de37c5e",
        "blaze-html-0.9.1.2-d13bf3066c2d165d1fda6348b573b319f6704a0435e24f9fddb6d4bb4a783065",
        "blaze-markup-0.8.2.8-dba4ab0092b2bb6778534b4e3716b4f99d6238286fe984a7a81c3cecf005ea5c",
        "boring-0.2-e64c447596734ffb7f0b420a07b3918d78babdd6ab44e327ac84a1c049936a85",
        "bsb-http-chunked-0.0.0.4-cf8c88aa06571829fc2706dce411fd2997acac522c0ea1c7f79be2edd15ec944",
        "byteorder-1.0.4-3d917cc1fab1cd5f4c7535d7c37b4495c31771dd32a6a0fc03441a05f90736aa",
        "cabal-doctest-1.0.9-c5067c39fbeb5bff36b6ed7706ee31a87e1421142e9fe6d94eb8209fc65f5188",
        "cabal-plan-0.7.2.3-8ba15d93b41b4aaf40a2bbde9e28534de904c7aff1c25c0a3b97585ff6373ec4",
        "cabal-plan-0.7.2.3-e-cabal-plan-431f8609da4698a4101edc9fd400ee7943b6cddd481d8506a320bcdc318ed378",
        "call-stack-0.4.0-b481db444ea8eacdb3130fdc7aca3504b848cb40ad6d6b820fd1b80005559002",
        "case-insensitive-1.2.1.0-864bc3aa15e2729ed91673ba3781cea4efe62b2079504d1cda6c7c48a84bbd8c",
        "cereal-0.5.8.3-c7905e105ca529bab88dd743a7ba92ef32cbbfb315683c22299683d19c2d6560",
        "cmdargs-0.10.21-5a95b1b0b68e08c4ad3840250536282c728a63b6fe47983340d6bbd345167e19",
        "colour-2.3.6-ced58e1bf89dd1fffa1395e39bb14739c27fd99d926b9ddf5ffb1399c667d478",
        "comonad-5.0.8-e51f4fe189ebb964d75d6f9522537dea418b4d42777c973a62b2ad2e78edce1d",
        "connection-0.3.1-7cbe2be3f538b07b268d8a33b7b37c1a8ee2f02a86025d65c8201d1fe5e02f4a",
        "constraints-0.13.4-0704f7b4e42322266b789defc4ef5cb639c4365ad7f9bf39e9666d1d6139c46c",
        "contravariant-1.5.5-0e143b53f97486008838c513fae5eda5aee3a8d6a3e22dee220bb157340abad0",
        "cookie-0.4.6-b294c2f88f6999f5da5637d3f43806d5525319e8dda02a8df776b2d03d8f9eff",
        "crypto-api-0.13.3-df6ca61ea7bf2a99d3fbe68bb42c2e36448353944d0a203e829a6e4f4b7fbb4a",
        "crypto-pubkey-types-0.4.3-ad12308031597c8dd1c8ccf1c4b5f952e4f610a23356db735b209780d6c76267",
        "cryptonite-0.30-dc01ea8d05687f59ef3ccd10352ade89f72990cabefb987ff393ff83b7f0ebe5",
        "data-array-byte-0.1.0.1-b7c4008992216a4404e3a59a5f4d75becff3179747209a6caf866ae30c479f56",
        "data-default-0.7.1.1-edbddbdf428e98abbe91d850ed95c9d4b561b65b91a24856877a3c74ff714baa",
        "data-default-class-0.1.2.0-9e2eb1584d665564d36abb6dcf2f09b00aed09635653c2064b56d7634c114edc",
        "data-default-instances-containers-0.0.1-97d0ae45e77faeb1e3bcafdb3ce1874a1ec3d843ae0373d5023b74c817494377",
        "data-default-instances-dlist-0.0.1-594beec10b7a55237f55c07c52f18ee5e37da59c4c283b781717d1601274666f",
        "data-default-instances-old-locale-0.0.1-093df202b5283890a569a485db0ab222881582d3f544008741d53bc5a937040c",
        "data-fix-0.3.2-e9044b6ed981b56447f81ce5a897f426ad78761af440cae8617f6d5ddcb6daa2",
        "dec-0.0.5-49907a4924dcf8b1308551212dc8181765acc03e2fd6483ff142b428cc4c8a0d",
        "distributive-0.6.2.1-2cb37aad46e28b01f258758660f1f89494612d3b3314e0c2e73195632b9232f9",
        "dlist-1.0-a6b06eb06860bcfd368ae60dccd8a740a5f75e2bfc6e421541982ee3ba8284dc",
        "easy-file-0.2.2-2ed872ac016623f3b0652e140691c454b6dfaf6b2a01aa80d83bda52fe500c9c",
        "entropy-0.4.1.10-60174e62c17229256090a27a762b99e46c9049a688dba90eae17f870922bd39e",
        "fast-logger-3.2.0-2e1cbfa426f4f577c0eb73fbcda81b0cff674d6512adf2319cfcda723611a082",
        "file-embed-0.0.15.0-fbd801551db6842accdc0aa28e6bc9b9b84c2dbf0ea885046249ae57cc0800c7",
        "generically-0.1-c24cdb7cf303554676440347fd30cf16aa57c78b4243da242a53037c84bd0aff",
        "hashable-1.4.2.0-c8d3956e4caaf0b7d3eb308e20adb98d99871381577e91a8e3082f5cae43ab2e",
        "hourglass-0.2.12-9a79ce79e43d4db5853602e9a46e428d5adcb3c4831a4f504f819e0ec6a8999f",
        "hsc2hs-0.68.8-e-hsc2hs-4b293e3abed0f2ddf4ef84c7689ec8f190bf114cfa2ce3a8a9cda4bfe972c5fc",
        "http-api-data-0.5-c740e94e34d41dac2349b2d67649e0d6b4c9781aaac739bc29243675e13afb68",
        "http-client-0.7.13.1-558f37844f00fb495d32e82bd313bd513f3e3f09a072e2ada3216b508e50f22c",
        "http-client-tls-0.3.6.1-e84484884d8881f91f54718847cd49df097fc97354f2087e0b14f9c619a07f93",
        "http-date-0.0.11-8ef5c053df16073a1325e05d672d7589fe16a0a84e4f40d52ec4d00c0b877298",
        "http-media-0.8.0.0-416634b7a57be76ecb5767f4c550466a2802640aaba3ec890c6d2374ad08960d",
        "http-types-0.12.3-05d20ee518301224f4cdac1602014efa63889e600a921f8497d9131caf5aa54f",
        "http2-4.0.0-5bb22cc5cf7807cd3a1feee35568606b35dc9b5fc97a69ae4f08f0e9ffddcdf2",
        "indexed-profunctors-0.1.1-ab089f7a3e21ad50c2187861a17665505905ff551f071b0e1142e335a6872281",
        "indexed-traversable-0.1.2-7540b83fa13d56f250568b03724c44a8160b94df4fc0d32f71c13a26d0cb78ba",
        "indexed-traversable-instances-0.1.1.1-c308adb0aafaacc73f3c3cabde4cd8f173fa28e8d7d8a2152e3d9a36888c8626",
        "integer-logarithms-1.0.3.1-a991bf57ec32c5a8c3c17c7abc1529e576b79f7cfa320aa4b2f5c3fa24b86acf",
        "iproute-1.7.12-643739c09d9b5fbbe67a9d225fb27ff49038ecb943d9557de3fc6e42c8b62f5c",
        "megaparsec-9.3.0-76ab712f6db510de455316ea9e1fb2fe29d03cb042d2e4379e6bd0a589e281c9",
        "memory-0.18.0-661a854721ab4fc580a653e883789d3356c24408a9d748d46524d5ce0f42f6e0",
        "mime-types-0.1.1.0-3d1c2325bd3e51997f2e94ec011781c54a980c9323cf5b5cf148df70740f8b09",
        "mmorph-1.2.0-6174df231f023939128c77e454eab41f92f1e65d65dc797df28d416795646ae7",
        "modern-uri-0.3.6.0-45e960aefc9e7510e9bef2d0ad1a6fcc3c9f28693523244c7fe4ac50cc679dc2",
        "monad-control-1.0.3.1-02860ce33bb022de9e94bd6067b202683bba1cf252e4bbed6091cf11d2703de1",
        "mtl-compat-0.2.2-882fdda1b327dc21e63673f8e12c1be40bf59d332b039c2e74207bbfc714c4c0",
        "network-3.1.2.7-1c3438a350d90932d39b0fd63915d1ee5d3eea2516455975d91d16c1ca5d0c10",
        "network-byte-order-0.1.6-bc623681cb0c4cce0841bf134d8f0728ed2cbf12f94916d7e12218da89131f7a",
        "network-uri-2.6.4.2-7c86962af3c538bbc61ede178e9b96c91195ec365daabfb5770213c6069efba2",
        "old-locale-1.0.0.7-c7240c6ee240c35a32fc541ce6be5f20483700af69ba458b9ef76e34b7763daf",
        "old-time-1.1.0.3-20db909240ceb0093dfc3263ccebaaf49d5a2eff701e5901898fcc0dfe6537b6",
        "optics-core-0.4.1-bf53e5183bbc344fc2a6ed3b93cb1722ea5ac4e76267c89c54b92cc795ea4aa3",
        "optparse-applicative-0.17.0.0-ede289bbab30eb60f9a1ab6eefefac2d9db2b1449df7d15c9592a0cf999c9779",
        "parser-combinators-1.3.0-4e06b68ab44021fc95d1b900acc073e96ab6186e168a32c5fbab7ea814aa497d",
        "pem-0.2.4-a5266f39c0836b5edd7aaa8c1d49d9b992fda06f85f57455ef0ac66b784597bb",
        "primitive-0.7.4.0-bd46147f05c8c584ed6f7284cb0e1b1fc1b7f64106c7d33f7a69e35c2ee8778c",
        "profunctors-5.6.2-5d184fb91e6a7bdf631e4bd36c413e4d062531687e954b3f9ef26c46579dc9ed",
        "psqueues-0.2.7.3-43ccc6aaa507e552649be4859cb2d02775e0781c908bd4190b1a03484f66739a",
        "random-1.2.1.1-14e70853203bb1bc8dcff43e4f38e0b43ff661f525a78991d2bb1727e24e24d6",
        "recv-0.0.0-060a0e3bdefef6550cdf09efcae6e32d2b512566d2b879056c38898c63362409",
        "reflection-2.1.6-32a8432768ee66bbe6a826e8a37f00fc02ae26fd9f3ed88706c6c671a4f79c74",
        "relude-1.1.0.0-1e65b05cb30a6189be7e3443b8ca91e3e317bfacd811ba28a2901390118f762d",
        "req-3.13.0-6b31075cd69728e1a43fed65840da23a8762268a9d77b042bf806ba5e16b46dc",
        "resourcet-1.2.6-bae9d46236814defa71253c871c55dba4287d64408175a603815f14f02505532",
        "retry-0.9.3.0-cca24ae9a99fc5f1ef7ba236cfaba39aab8d7bc6a8397494e86cec9a6b70d4d8",
        "safe-exceptions-0.1.7.3-d4429c09cc5c709e73fb396f2917284e873bd4622a8f0b824869535e8f42aba7",
        "scientific-0.3.7.0-fdaf7c8f28d952fc9dd20e4a3eb8cdf6c08130a25fab45a985dd4d59a628199a",
        "semialign-1.2.0.1-fb0cf700dec4fc8fba325e6a00dabd25f682a40681b1fc89ce0b0fb06fd309a4",
        "semigroupoids-5.3.7-33e3f2bd1b666c26fdc6db06fd8f5fee56900a6afc46491e13f863163e7a2119",
        "servant-0.19.1-38740d56dea1644cadf5d96c1f06a0a8364863d5d254ee00f4736ba85c46bbf7",
        "servant-server-0.19.2-61d3e865cec93f9024a39d9f9230b47f1a3b9918210346b624beae7d0bb241d9",
        "servant-server-0.19.2-e-greet-8a670939e20ca7e20fc86c52915cc58d7f3ab3fadce1383cb5484d76124f19db",
        "simple-sendfile-0.2.30-2f156750cdea2aeea2d948b21e647269c165d3ef3a33a26d3f7e5bfc6142b14d",
        "singleton-bool-0.1.6-d169a4eada6dd8e1e27362bebc7140a2c5771b1e4966914ab5db3e84091b49de",
        "socks-0.6.1-3b0809d54ae3a5e26673e6874ced2a9c30ba7d85c9c95805bd63f653d0b9f4e1",
        "some-1.0.4.1-41be54bc559ccb17ad95e421f3b5a07799b087879d95d2d81bed4437d21f4420",
        "sop-core-0.5.0.2-a259d0c38b00893013204deecc52974037790916c7814d3e11a42d0bc6282402",
        "splitmix-0.1.0.4-6525e81601e0d606db968cc7160e17855e9a3689f7d115d7c7cdee8c25faf71a",
        "streaming-commons-0.2.2.5-baa61cbce7b6c136b92e3e627676f80058bcfafcd5843cd51661b484121f2b9f",
        "strict-0.4.0.1-04356d97c92f46b68b182294a774c4358cfdee5fe07124aa4330c89831727943",
        "string-conversions-0.4.0.1-70434d588ee94066586e3a1a8732147c1e1df691388bfa44afee56806b07384d",
        "tagged-0.8.6.1-2b7056bde22b3a072311638463eb135e658b801ca4b55eeab0bd771490757081",
        "tar-0.5.1.1-1bf8ba28bc0ab92fab4ab2fa75ec644fb3e58d7c897a0dc3732591637f8bdacb",
        "temporary-1.3-911c50676d7f918b81ae35d9cb7f6212d135ce6fb9bd7344727aa36e229c6403",
        "text-short-0.1.5-26a2957ec2fdecd64e6b2bb2f7379a39a08f8a8122b83af8af670be40b47595f",
        "th-abstraction-0.4.5.0-bf9c60a8b46330dcf8aca48df234ec6cffcf562636e828d9dd7906f44673db8a",
        "th-compat-0.1.4-bbd230883f0654592147257f060000ac46f4952ca4c0e59b2ae40dd9aacdfea5",
        "th-env-0.1.1-9c23a727fc918c0962aca123f38e0206594614b369f72025c697c0923a494046",
        "these-1.1.1.1-22e15a60e7a2964fe61125a1bec5f5c99f266e01cca4739ff0bbe068da2ef1d9",
        "time-compat-1.9.6.1-767a6253635bf853ad7a71b0703de6ac670854d6b25021547a04bcbb6b476c54",
        "time-manager-0.0.0-de6502eaecbe36b2637ca82173db7255eb1f90f9a13dd3a9893aca1f62230527",
        "tls-1.6.0-ec18a86fa78cb862f9666332c01dedffec99904a8b6ec9a12bfadef97ce94ea0",
        "topograph-1.0.0.2-fce4f16503f43b4fcbd55771be829f5e6376055bdc4c797ef9e013ec95a0e348",
        "transformers-base-0.4.6-8d069be0c23806d7f6dbcf0c4107281060fd8544a489133d48f8ee37caa25700",
        "transformers-compat-0.7.2-8e89728e0d3ab08b3fb2aa30ec65bd77196cc3e58cebad142f7ee92c9049acec",
        "type-equality-1-7fce739e51310bab9d76ca93f3f9aaffba35c8babbc7c95aa4b8a657e79e5969",
        "unix-compat-0.6-2eeca6ebb09088c3703a0cf0547a8387259e6842d6e89cdef1cccd713a00b675",
        "unix-time-0.4.8-9fb9b75fc19fc41e62f00bbe06f17976cae2a0ac4609afa4339f7a7072c995a6",
        "unliftio-0.2.23.0-d1896f234e0b5b94968bb88b4680ba7e7ac73ceed7210014d038b18a81452a33",
        "unliftio-core-0.2.1.0-66a0a7a60e39de2ec88a5d14e6dea659a1fd58277feda63d6630875a8532d91a",
        "unordered-containers-0.2.19.1-d31c3be726b7db1fb4d1d1e3d48f4d7b008ed88047c95020428cc65a010a5b8a",
        "utf8-string-1.0.2-c06b5e9bb83f541982eefbf97cd6fad877f7521df30b15f3c8072cc386bd7ffd",
        "uuid-types-1.0.5-03d1aef8632d0b5b8e87f4150b187ed919327feddfbc535c3b43544e8f9bc960",
        "vault-0.3.1.5-9adae68d69ebcb1ab6816ce04c5066ebd3b6417db36a86f24d0d9123f002a235",
        "vector-0.13.0.0-c3c1323756c917ed18709499a04df2b7677030ed59d1c52870e14a852f13773f",
        "vector-stream-0.1.0.0-e9255fc495dd08f4c37568cbb86089825e2b55d19c84b761ffb01036490dd871",
        "wai-3.2.3-ed75a29a117580e3913a21045ab4e22035d502ae5965313e919d1221a4ef46b5",
        "wai-app-static-3.1.7.4-ddb1c2c333b6e209fe043deea02b13950633667ea997b9d900932f0479f1a2ed",
        "wai-app-static-3.1.7.4-e-warp-bd7914d603121ef0812bbdb62af27b7f116a93bbeb10ea89981769d099baa372",
        "wai-extra-3.1.13.0-99387a6ff8eaba8288f0ae6711cd16617a38932be3eb81fb564baa74831fc09e",
        "wai-logger-2.4.0-6c7648c676dd4363fb686dbf96abbeb97f11a57d034e6733501f6ad8cb33399b",
        "warp-3.3.23-fcd865516ec949b6578879bf4f81ed9fdf8f3ba97e114dd2387bc14e167a2bcf",
        "with-utf8-1.0.2.3-e-utf8-troubleshoot-52146ab7977c3702a5e49cdf63b80b19be8232b6c2b5dbdc48b5361aba20da45",
        "with-utf8-1.0.2.3-f9a01c6a979c087fe72fb4686683c0926694b5c23dcc2e4d16445af2e74e5c15",
        "witherable-0.4.2-95c95ff53f346defca36f4b62a803b87b47a427d05f06544d4cdc38acbe0c7b6",
        "word8-0.1.3-df3b098fa8a61c29f9121eab8b076388eb543b506076a064a5b0daac7a4b907d",
        "x509-1.7.7-37199cd799944b693fb358f043f989af3695ba0475db57f8aff622899cc0aa0e",
        "x509-store-1.6.9-924de0960065c44e61d65e955b89d264b845c95d3014c7306faa542ccdc00049",
        "x509-system-1.6.7-79614c846e491c67766c24343f08c7f08e066dbccd4b644381d958746a92fa5c",
        "x509-validation-1.6.12-c5e89e58f01bc5f0f5172bbbcedaa840334dab6e7da8775f2ba5202c7321225f",
        "zlib-0.6.3.0-05380042cb7e20e9f24b3a321a54a01faac1b0f8fb841b335b6bca4ec9939dc1",
        "zstd-0.1.3.0-eacce831d15eb35a675a68621a72fe9aeaada710c6e7d082dfb5e1d30c943d1d"
    ]
}