{
    "units": [
        "OneTuple-0.3.1-276a762a3ca2bf7264a85a29a17b1a390b41e46950e463df777619f834ae0f43",
        "QuickCheck-2.14.2-668a5bd33662dcf3224f1c938867b04a356b7b0232e72ef1235acde0226e9317",
        "StateVar-1.2.2-5418cd17e7bc5d255ecbac856de427c7f041d9658febb445a6133a010cd0151c",
        "aeson-2.1.1.0-52ac320ad9fe2f8cae361668c2aa0a1f6b63e2b29d92abdc25dfa9e9db6463a1",
        "aeson-pretty-0.8.9-e-aeson-pretty-b6fd2c0bfd43be9e3917039b75910934e66ff66c7f3447e38ef14bee509d0f50",
        "aeson-pretty-0.8.9-f10eadc212a4e3c5875bff6ae628c702fde7de7696a67df010d08eee28309994",
        "ansi-terminal-0.11.4-2ab54d8f2225ebe65114b4a7ab44e178d22a6bdb8a65bd90c9386b2c2610c414",
        "ansi-wl-pprint-0.6.9-429ea4405c650c7fdbd1902f0fa8a5099f584e4db30d34ae6acb452eccd3447b",
        "assoc-1.0.2-20d25047307a99c8323496afcec805dfc335608ef05473490c92fd46938fdc34",
        "async-2.2.4-16cfe62ad7bd1eedd25ba01bfcacfa34e1100f588e1f5466a1f9e3e9026688d0",
        "attoparsec-0.14.4-55e799e84136cba122fdc96664e9790764227ba34fd48a43bc3e4fab047e21f2",
        "attoparsec-0.14.4-l-attoparsec-internal-1c84e1b8d306a0bc15d57271cf3b505ff3b7b23cdc550eef674cc593ba7435c4",
        "base-compat-0.12.2-6f61e0b43bc0dae165db9886c6a043312928e30117460a9925abb6d6af630568",
        "base-compat-batteries-0.12.2-a63392f62f6005a885b9a26255b778aae85d1b78e3d9439b73cfaf27fa85efd5",
        "base-orphans-0.8.7-c111555101210a622dc87f97d210024c20963822a93df61cd0b7170e7bd66c74",
        "base16-bytestring-1.0.2.0-d5100e8597c646e762d97c01925f04f3e089c77b2a46100bd2a36e50478fd9de",
        "bifunctors-5.5.14-f469977c204f5af275b0833f62811ca7775a2165f4ec8a83f8970191218093e9",
        "boring-0.2-e64c447596734ffb7f0b420a07b3918d78babdd6ab44e327ac84a1c049936a85",
        "cabal-doctest-1.0.9-c5067c39fbeb5bff36b6ed7706ee31a87e1421142e9fe6d94eb8209fc65f5188",
        "cabal-plan-0.7.2.3-8ba15d93b41b4aaf40a2bbde9e28534de904c7aff1c25c0a3b97585ff6373ec4",
        "cabal-plan-0.7.2.3-e-cabal-plan-431f8609da4698a4101edc9fd400ee7943b6cddd481d8506a320bcdc318ed378",
        "cmdargs-0.10.21-5a95b1b0b68e08c4ad3840250536282c728a63b6fe47983340d6bbd345167e19",
        "colour-2.3.6-ced58e1bf89dd1fffa1395e39bb14739c27fd99d926b9ddf5ffb1399c667d478",
        "comonad-5.0.8-e51f4fe189ebb964d75d6f9522537dea418b4d42777c973a62b2ad2e78edce1d",
        "contravariant-1.5.5-0e143b53f97486008838c513fae5eda5aee3a8d6a3e22dee220bb157340abad0",
        "data-array-byte-0.1.0.1-b7c4008992216a4404e3a59a5f4d75becff3179747209a6caf866ae30c479f56",
        "data-fix-0.3.2-e9044b6ed981b56447f81ce5a897f426ad78761af440cae8617f6d5ddcb6daa2",
        "dec-0.0.5-49907a4924dcf8b1308551212dc8181765acc03e2fd6483ff142b428cc4c8a0d",
        "distributive-0.6.2.1-2cb37aad46e28b01f258758660f1f89494612d3b3314e0c2e73195632b9232f9",
        "dlist-1.0-a6b06eb06860bcfd368ae60dccd8a740a5f75e2bfc6e421541982ee3ba8284dc",
        "generically-0.1-c24cdb7cf303554676440347fd30cf16aa57c78b4243da242a53037c84bd0aff",
        "hashable-1.4.2.0-c8d3956e4caaf0b7d3eb308e20adb98d99871381577e91a8e3082f5cae43ab2e",
        "indexed-profunctors-0.1.1-ab089f7a3e21ad50c2187861a17665505905ff551f071b0e1142e335a6872281",
        "indexed-traversable-0.1.2-7540b83fa13d56f250568b03724c44a8160b94df4fc0d32f71c13a26d0cb78ba",
        "indexed-traversable-instances-0.1.1.1-c308adb0aafaacc73f3c3cabde4cd8f173fa28e8d7d8a2152e3d9a36888c8626",
        "integer-logarithms-1.0.3.1-a991bf57ec32c5a8c3c17c7abc1529e576b79f7cfa320aa4b2f5c3fa24b86acf",
        "optics-core-0.4.1-bf53e5183bbc344fc2a6ed3b93cb1722ea5ac4e76267c89c54b92cc795ea4aa3",
        "optparse-applicative-0.17.0.0-ede289bbab30eb60f9a1ab6eefefac2d9db2b1449df7d15c9592a0cf999c9779",
        "pretty-simple-4.1.2.0-82c7394dff73f266c4806d946ec23df872bf2263c07f9018a00af052b4c54ff8",
        "prettyprinter-1.7.1-1e34b45b20012374529f2ad1f3789d1bb79320d7cfab7dddd625e4c6fc09b6af",
        "prettyprinter-ansi-terminal-1.1.3-f279bd3a82aeb6ceaa10c58d88c4b237549b2e7dc31379734edbd8ed09893cb9",
        "primitive-0.7.4.0-bd46147f05c8c584ed6f7284cb0e1b1fc1b7f64106c7d33f7a69e35c2ee8778c",
        "random-1.2.1.1-14e70853203bb1bc8dcff43e4f38e0b43ff661f525a78991d2bb1727e24e24d6",
        "relude-1.1.0.0-1e65b05cb30a6189be7e3443b8ca91e3e317bfacd811ba28a2901390118f762d",
        "safe-exceptions-0.1.7.3-d4429c09cc5c709e73fb396f2917284e873bd4622a8f0b824869535e8f42aba7",
        "scientific-0.3.7.0-fdaf7c8f28d952fc9dd20e4a3eb8cdf6c08130a25fab45a985dd4d59a628199a",
        "semialign-1.2.0.1-fb0cf700dec4fc8fba325e6a00dabd25f682a40681b1fc89ce0b0fb06fd309a4",
        "semigroupoids-5.3.7-33e3f2bd1b666c26fdc6db06fd8f5fee56900a6afc46491e13f863163e7a2119",
        "singleton-bool-0.1.6-d169a4eada6dd8e1e27362bebc7140a2c5771b1e4966914ab5db3e84091b49de",
        "some-1.0.4.1-41be54bc559ccb17ad95e421f3b5a07799b087879d95d2d81bed4437d21f4420",
        "splitmix-0.1.0.4-6525e81601e0d606db968cc7160e17855e9a3689f7d115d7c7cdee8c25faf71a",
        "strict-0.4.0.1-04356d97c92f46b68b182294a774c4358cfdee5fe07124aa4330c89831727943",
        "tagged-0.8.6.1-2b7056bde22b3a072311638463eb135e658b801ca4b55eeab0bd771490757081",
        "text-short-0.1.5-26a2957ec2fdecd64e6b2bb2f7379a39a08f8a8122b83af8af670be40b47595f",
        "th-abstraction-0.4.5.0-bf9c60a8b46330dcf8aca48df234ec6cffcf562636e828d9dd7906f44673db8a",
        "th-compat-0.1.4-bbd230883f0654592147257f060000ac46f4952ca4c0e59b2ae40dd9aacdfea5",
        "th-env-0.1.1-9c23a727fc918c0962aca123f38e0206594614b369f72025c697c0923a494046",
        "these-1.1.1.1-22e15a60e7a2964fe61125a1bec5f5c99f266e01cca4739ff0bbe068da2ef1d9",
        "time-compat-1.9.6.1-767a6253635bf853ad7a71b0703de6ac670854d6b25021547a04bcbb6b476c54",
        "topograph-1.0.0.2-fce4f16503f43b4fcbd55771be829f5e6376055bdc4c797ef9e013ec95a0e348",
        "transformers-compat-0.7.2-8e89728e0d3ab08b3fb2aa30ec65bd77196cc3e58cebad142f7ee92c9049acec",
        "unordered-containers-0.2.19.1-d31c3be726b7db1fb4d1d1e3d48f4d7b008ed88047c95020428cc65a010a5b8a",
        "uuid-types-1.0.5-03d1aef8632d0b5b8e87f4150b187ed919327feddfbc535c3b43544e8f9bc960",
        "vector-0.13.0.0-c3c1323756c917ed18709499a04df2b7677030ed59d1c52870e14a852f13773f",
        "vector-stream-0.1.0.0-e9255fc495dd08f4c37568cbb86089825e2b55d19c84b761ffb01036490dd871",
        "with-utf8-1.0.2.3-e-utf8-troubleshoot-52146ab7977c3702a5e49cdf63b80b19be8232b6c2b5dbdc48b5361aba20da45",
        "with-utf8-1.0.2.3-f9a01c6a979c087fe72fb4686683c0926694b5c23dcc2e4d16445af2e74e5c15",
        "witherable-0.4.2-95c95ff53f346defca36f4b62a803b87b47a427d05f06544d4cdc38acbe0c7b6"
    ]
}