{
    "compiler": "ghc-9.0.2",
    "units": {
        "HUnit-1.6.2.0-64823212ec1b77663d990e7097b2e60a1d95b6cd2acc4f524c7502fc214ea9b3": {
            "hasGhcPkgConf": true
        },
        "OneTuple-0.3.1-32f41ada87c6d5edbcdce6ddb76889a1474a38f98b50745647458be27a1cbf13": {
            "hasGhcPkgConf": true
        },
        "QuickCheck-2.14.2-668a5bd33662dcf3224f1c938867b04a356b7b0232e72ef1235acde0226e9317": {
            "hasGhcPkgConf": true
        },
        "RSA-2.4.1-f5358c7db13c2719ab9e80ccd1771e31f1f6e5c42e9feaec5eaca5485f330e45": {
            "hasGhcPkgConf": true
        },
        "SHA-1.6.4.4-c2ffd557c0d8a8dab0c508a00a04dd8d78f29f92525842ea57dd035ab8a902ad": {
            "hasGhcPkgConf": true
        },
        "StateVar-1.2.2-5418cd17e7bc5d255ecbac856de427c7f041d9658febb445a6133a010cd0151c": {
            "hasGhcPkgConf": true
        },
        "aeson-2.1.1.0-6faf9eb707bc087154ac74c35ec28dd268e1368ba5e961c7e252753b2a97a32f": {
            "hasGhcPkgConf": true
        },
        "aeson-pretty-0.8.9-51b8b0939cdcaa0d2f5baa259bbd3e0bc03dbb45314300b9428cbfc3c164f2f0": {
            "hasGhcPkgConf": true
        },
        "algebraic-graphs-0.7-3f52f6ebabed22db230413d73e528d57d7516123302f8438799377f8e81db3e0": {
            "hasGhcPkgConf": true
        },
        "ansi-terminal-0.11.4-2ab54d8f2225ebe65114b4a7ab44e178d22a6bdb8a65bd90c9386b2c2610c414": {
            "hasGhcPkgConf": true
        },
        "ansi-wl-pprint-0.6.9-429ea4405c650c7fdbd1902f0fa8a5099f584e4db30d34ae6acb452eccd3447b": {
            "hasGhcPkgConf": true
        },
        "appar-0.1.8-6586165814aa330bd57ee334d74c986c541905c796b5ec65fcaf90f23693e9ea": {
            "hasGhcPkgConf": true
        },
        "asn1-encoding-0.9.6-ecbbef5d2a0760e2b981947fb9914e1810e58950aacb4d91d90a5e82adb1857a": {
            "hasGhcPkgConf": true
        },
        "asn1-parse-0.9.5-5df786d8710689e3e5c9012191498da733a0bdda36acc9912828b1fcde38d4ce": {
            "hasGhcPkgConf": true
        },
        "asn1-types-0.3.4-9e09a869832f9d98ceec2f22d857e2ef7657378a7d28dbac7bfce5aad38b3df8": {
            "hasGhcPkgConf": true
        },
        "assoc-1.0.2-f21553dedf23bb1aef95b99cbd21fd1c73382d0b20fee02e9bf70fd317f925aa": {
            "hasGhcPkgConf": true
        },
        "async-2.2.4-9647a4539a447eff896d88795fb48635d451c046eb9c99ee626b8e6a0d6fae6c": {
            "hasGhcPkgConf": true
        },
        "attoparsec-0.14.4-2d996a3b52b5c45a1f802fe7564cbb7071d6b4161825cfc77fb43fce280fafea": {
            "hasGhcPkgConf": true
        },
        "attoparsec-0.14.4-l-attoparsec-internal-1c84e1b8d306a0bc15d57271cf3b505ff3b7b23cdc550eef674cc593ba7435c4": {
            "hasGhcPkgConf": true
        },
        "attoparsec-iso8601-1.1.0.0-b72f7601a627b3fd54d22a3b944baa783be2c3ee9f3698ef50b44514add52c2c": {
            "hasGhcPkgConf": true
        },
        "authenticate-oauth-1.7-b250efb76a33cdab68a34d887b0893ec380c3a62406dbb471dd6b525bd9fcd65": {
            "hasGhcPkgConf": true
        },
        "auto-update-0.1.6-79e633b7d738a606fee5954a7a406dd5e8f899b3c2afde18062cf4d48c29bf2d": {
            "hasGhcPkgConf": true
        },
        "base-compat-0.12.2-6f61e0b43bc0dae165db9886c6a043312928e30117460a9925abb6d6af630568": {
            "hasGhcPkgConf": true
        },
        "base-compat-batteries-0.12.2-a63392f62f6005a885b9a26255b778aae85d1b78e3d9439b73cfaf27fa85efd5": {
            "hasGhcPkgConf": true
        },
        "base-orphans-0.8.8.2-5b7789d4c0da1c4e6796414c6d9544b1abf222be48831ecf51d155203edf94d7": {
            "hasGhcPkgConf": true
        },
        "base16-bytestring-1.0.2.0-d5100e8597c646e762d97c01925f04f3e089c77b2a46100bd2a36e50478fd9de": {
            "hasGhcPkgConf": true
        },
        "base64-bytestring-1.2.1.0-e288ba0a5778c3d06b6c41b0f784a5c9ecc3ca37f4932351487650d22d6f21bb": {
            "hasGhcPkgConf": true
        },
        "basement-0.0.15-9c92d438e925ba23397237d38938280fda1ae33680621c446b1450b0f3311a8c": {
            "hasGhcPkgConf": true
        },
        "bifunctors-5.5.15-db5d1c7737c70be67782bffdf4aa0f577a905bc6c041ae22d353c4698669f31d": {
            "hasGhcPkgConf": true
        },
        "blaze-builder-0.4.2.2-78cb9a0b198c2324fcd5a0abe5dd1828c529b0667af1489a5f044b388de37c5e": {
            "hasGhcPkgConf": true
        },
        "blaze-html-0.9.1.2-d13bf3066c2d165d1fda6348b573b319f6704a0435e24f9fddb6d4bb4a783065": {
            "hasGhcPkgConf": true
        },
        "blaze-markup-0.8.2.8-dba4ab0092b2bb6778534b4e3716b4f99d6238286fe984a7a81c3cecf005ea5c": {
            "hasGhcPkgConf": true
        },
        "boring-0.2-891637bc44105110d08abe1787e751f6b4e3f16105a6d4db479528164dcf2af0": {
            "hasGhcPkgConf": true
        },
        "bsb-http-chunked-0.0.0.4-cf8c88aa06571829fc2706dce411fd2997acac522c0ea1c7f79be2edd15ec944": {
            "hasGhcPkgConf": true
        },
        "byteorder-1.0.4-3d917cc1fab1cd5f4c7535d7c37b4495c31771dd32a6a0fc03441a05f90736aa": {
            "hasGhcPkgConf": true
        },
        "cabal-doctest-1.0.9-c5067c39fbeb5bff36b6ed7706ee31a87e1421142e9fe6d94eb8209fc65f5188": {
            "hasGhcPkgConf": true
        },
        "cabal-plan-0.7.2.3-4f810a24d41fba4c6d12540ae1aa5407463297785b329f10d5dd340b1652a150": {
            "hasGhcPkgConf": true
        },
        "call-stack-0.4.0-b481db444ea8eacdb3130fdc7aca3504b848cb40ad6d6b820fd1b80005559002": {
            "hasGhcPkgConf": true
        },
        "case-insensitive-1.2.1.0-5234f24ebe90f97d283b29d6141dc8b3e5ee74218e2a80003a858f3468424e00": {
            "hasGhcPkgConf": true
        },
        "cereal-0.5.8.3-c7905e105ca529bab88dd743a7ba92ef32cbbfb315683c22299683d19c2d6560": {
            "hasGhcPkgConf": true
        },
        "colour-2.3.6-ced58e1bf89dd1fffa1395e39bb14739c27fd99d926b9ddf5ffb1399c667d478": {
            "hasGhcPkgConf": true
        },
        "comonad-5.0.8-c85c6f2c2d4114ee311aa3b53430a84db75250b73a1af62a982eb8c0de52e895": {
            "hasGhcPkgConf": true
        },
        "connection-0.3.1-ff84e0cf1a8accb101a1967d10a08e50697ce9823ce6f1a085e791cd2d887c9a": {
            "hasGhcPkgConf": true
        },
        "constraints-0.13.4-757a5d6253a23df5c6162d894d22eb6e963444b8521073e303d7119a7884f4ad": {
            "hasGhcPkgConf": true
        },
        "contravariant-1.5.5-0e143b53f97486008838c513fae5eda5aee3a8d6a3e22dee220bb157340abad0": {
            "hasGhcPkgConf": true
        },
        "cookie-0.4.6-b294c2f88f6999f5da5637d3f43806d5525319e8dda02a8df776b2d03d8f9eff": {
            "hasGhcPkgConf": true
        },
        "crypto-api-0.13.3-027699e74c358700025c22899030e666031d7fb1dd4742a97a58f1dd7dcf0490": {
            "hasGhcPkgConf": true
        },
        "crypto-pubkey-types-0.4.3-ad12308031597c8dd1c8ccf1c4b5f952e4f610a23356db735b209780d6c76267": {
            "hasGhcPkgConf": true
        },
        "cryptonite-0.30-dc01ea8d05687f59ef3ccd10352ade89f72990cabefb987ff393ff83b7f0ebe5": {
            "hasGhcPkgConf": true
        },
        "data-array-byte-0.1.0.1-b7c4008992216a4404e3a59a5f4d75becff3179747209a6caf866ae30c479f56": {
            "hasGhcPkgConf": true
        },
        "data-default-0.7.1.1-edbddbdf428e98abbe91d850ed95c9d4b561b65b91a24856877a3c74ff714baa": {
            "hasGhcPkgConf": true
        },
        "data-default-class-0.1.2.0-9e2eb1584d665564d36abb6dcf2f09b00aed09635653c2064b56d7634c114edc": {
            "hasGhcPkgConf": true
        },
        "data-default-instances-containers-0.0.1-97d0ae45e77faeb1e3bcafdb3ce1874a1ec3d843ae0373d5023b74c817494377": {
            "hasGhcPkgConf": true
        },
        "data-default-instances-dlist-0.0.1-594beec10b7a55237f55c07c52f18ee5e37da59c4c283b781717d1601274666f": {
            "hasGhcPkgConf": true
        },
        "data-default-instances-old-locale-0.0.1-093df202b5283890a569a485db0ab222881582d3f544008741d53bc5a937040c": {
            "hasGhcPkgConf": true
        },
        "data-fix-0.3.2-e4cd207e9db6b10900b7be5ab275b429bd2a7378ee33618cb3e1a01c0108435d": {
            "hasGhcPkgConf": true
        },
        "dec-0.0.5-fd399d0fb7db75247c06063b788daf04ea8f4763463ba54b1d5bc757e3c28f0d": {
            "hasGhcPkgConf": true
        },
        "digest-0.0.1.6-cf4ba83e513d5316d82823bc663e260bdddf0e7bee6d2b2c81269f325622e9d6": {
            "hasGhcPkgConf": true
        },
        "distributive-0.6.2.1-bcc940443421d634bfb6f651bc72798383192401413ac6df8d904273b5d82a61": {
            "hasGhcPkgConf": true
        },
        "dlist-1.0-a6b06eb06860bcfd368ae60dccd8a740a5f75e2bfc6e421541982ee3ba8284dc": {
            "hasGhcPkgConf": true
        },
        "easy-file-0.2.2-2ed872ac016623f3b0652e140691c454b6dfaf6b2a01aa80d83bda52fe500c9c": {
            "hasGhcPkgConf": true
        },
        "entropy-0.4.1.10-60174e62c17229256090a27a762b99e46c9049a688dba90eae17f870922bd39e": {
            "hasGhcPkgConf": true
        },
        "fast-logger-3.2.0-9dfb1a412f26b5bbddc886477c464f9c62f74fc933bfb0501d644b0d656964af": {
            "hasGhcPkgConf": true
        },
        "file-embed-0.0.15.0-fbd801551db6842accdc0aa28e6bc9b9b84c2dbf0ea885046249ae57cc0800c7": {
            "hasGhcPkgConf": true
        },
        "generically-0.1-c24cdb7cf303554676440347fd30cf16aa57c78b4243da242a53037c84bd0aff": {
            "hasGhcPkgConf": true
        },
        "hashable-1.4.2.0-a2669dc602219a0a423143f9fc6bfb39aa2bbeb9e59981f53803be95ff45614f": {
            "hasGhcPkgConf": true
        },
        "hourglass-0.2.12-9a79ce79e43d4db5853602e9a46e428d5adcb3c4831a4f504f819e0ec6a8999f": {
            "hasGhcPkgConf": true
        },
        "hsc2hs-0.68.9-e-hsc2hs-bb702ec406b848645b0e3191a29d7cbe84eab58a2f98f2243ca6327dcdf46f30": {
            "hasGhcPkgConf": false
        },
        "http-api-data-0.5-20c91d2c3955a8c0566943321a15ef992ed81ddedc8493bd40ad21144ee8e4ff": {
            "hasGhcPkgConf": true
        },
        "http-client-0.7.13.1-e644bd5efc4ad40b37b480d71bccf10dcfddace7c571efa7f46dceac1a650e3e": {
            "hasGhcPkgConf": true
        },
        "http-client-tls-0.3.6.1-72a3af042412c125b145b1674e4c918eb819b7c79ac92458168e5e66b628cec0": {
            "hasGhcPkgConf": true
        },
        "http-date-0.0.11-3ab521b60055d2f17b5a1f207e0a1da7e1683154df38efdd04a6ba10ea83835f": {
            "hasGhcPkgConf": true
        },
        "http-media-0.8.0.0-a76ec0fc811dd04cb1ee5da875a827c247f158a9c115de9e445dbe9af20d2334": {
            "hasGhcPkgConf": true
        },
        "http-types-0.12.3-13cc5d915f7fcc27d213671f5885f7bbcde2c88b7b438d4059a132946248e388": {
            "hasGhcPkgConf": true
        },
        "http2-4.0.0-c992ab92dbe9473bdfa814139f70995450d219cc00f40954c8b719dbffc2ed9d": {
            "hasGhcPkgConf": true
        },
        "indexed-traversable-0.1.2-7540b83fa13d56f250568b03724c44a8160b94df4fc0d32f71c13a26d0cb78ba": {
            "hasGhcPkgConf": true
        },
        "indexed-traversable-instances-0.1.1.2-dca9f7c41427058037c3b36e8e4eba83cc9216802890206499d59473f4da3b61": {
            "hasGhcPkgConf": true
        },
        "integer-logarithms-1.0.3.1-a991bf57ec32c5a8c3c17c7abc1529e576b79f7cfa320aa4b2f5c3fa24b86acf": {
            "hasGhcPkgConf": true
        },
        "iproute-1.7.12-e7008880a50137be615dc177374843a7451f06263d07cab8d30737afbb4de5fa": {
            "hasGhcPkgConf": true
        },
        "megaparsec-9.3.0-b4fec4448d434cc5f8080c73ff1d36b3926a2414e05861e0abca1c88938ceb2b": {
            "hasGhcPkgConf": true
        },
        "memory-0.18.0-661a854721ab4fc580a653e883789d3356c24408a9d748d46524d5ce0f42f6e0": {
            "hasGhcPkgConf": true
        },
        "mime-types-0.1.1.0-3d1c2325bd3e51997f2e94ec011781c54a980c9323cf5b5cf148df70740f8b09": {
            "hasGhcPkgConf": true
        },
        "mmorph-1.2.0-6174df231f023939128c77e454eab41f92f1e65d65dc797df28d416795646ae7": {
            "hasGhcPkgConf": true
        },
        "modern-uri-0.3.6.0-983c2987bb24cba95372d5476493c8cb88be2d793936ef90e16b6ddee8a5b409": {
            "hasGhcPkgConf": true
        },
        "monad-control-1.0.3.1-bf9b427ca029ccd04cb4ba5752643a29c6c11ddfb28ce95774e4346c7d449bcd": {
            "hasGhcPkgConf": true
        },
        "mtl-compat-0.2.2-882fdda1b327dc21e63673f8e12c1be40bf59d332b039c2e74207bbfc714c4c0": {
            "hasGhcPkgConf": true
        },
        "network-3.1.2.8-52564825ea62ab1d9f4abf068ba109887b56b5b1523a06345fd7ba97b203f1ad": {
            "hasGhcPkgConf": true
        },
        "network-byte-order-0.1.6-bc623681cb0c4cce0841bf134d8f0728ed2cbf12f94916d7e12218da89131f7a": {
            "hasGhcPkgConf": true
        },
        "network-uri-2.6.4.2-7c86962af3c538bbc61ede178e9b96c91195ec365daabfb5770213c6069efba2": {
            "hasGhcPkgConf": true
        },
        "old-locale-1.0.0.7-c7240c6ee240c35a32fc541ce6be5f20483700af69ba458b9ef76e34b7763daf": {
            "hasGhcPkgConf": true
        },
        "old-time-1.1.0.3-20db909240ceb0093dfc3263ccebaaf49d5a2eff701e5901898fcc0dfe6537b6": {
            "hasGhcPkgConf": true
        },
        "optparse-applicative-0.17.0.0-ede289bbab30eb60f9a1ab6eefefac2d9db2b1449df7d15c9592a0cf999c9779": {
            "hasGhcPkgConf": true
        },
        "parser-combinators-1.3.0-4e06b68ab44021fc95d1b900acc073e96ab6186e168a32c5fbab7ea814aa497d": {
            "hasGhcPkgConf": true
        },
        "pem-0.2.4-a5266f39c0836b5edd7aaa8c1d49d9b992fda06f85f57455ef0ac66b784597bb": {
            "hasGhcPkgConf": true
        },
        "pretty-simple-4.1.2.0-82c7394dff73f266c4806d946ec23df872bf2263c07f9018a00af052b4c54ff8": {
            "hasGhcPkgConf": true
        },
        "prettyprinter-1.7.1-1e34b45b20012374529f2ad1f3789d1bb79320d7cfab7dddd625e4c6fc09b6af": {
            "hasGhcPkgConf": true
        },
        "prettyprinter-ansi-terminal-1.1.3-f279bd3a82aeb6ceaa10c58d88c4b237549b2e7dc31379734edbd8ed09893cb9": {
            "hasGhcPkgConf": true
        },
        "primitive-0.7.4.0-bd46147f05c8c584ed6f7284cb0e1b1fc1b7f64106c7d33f7a69e35c2ee8778c": {
            "hasGhcPkgConf": true
        },
        "profunctors-5.6.2-efa3cd5524b2fdead2431e2c96ec5454f49d2c3e164e821dc9d87e1828cec551": {
            "hasGhcPkgConf": true
        },
        "psqueues-0.2.7.3-ebf5a89d03117ac5d37d6f5d7994fe012d676a805df6ef3cfefcbefa6bc371c0": {
            "hasGhcPkgConf": true
        },
        "random-1.2.1.1-14e70853203bb1bc8dcff43e4f38e0b43ff661f525a78991d2bb1727e24e24d6": {
            "hasGhcPkgConf": true
        },
        "recv-0.0.0-89f92db3210070873a554fea2c88b5290b2f8eefd2eacbbb9eb1931f8826792a": {
            "hasGhcPkgConf": true
        },
        "reflection-2.1.7-e143c0fa7a3567edb8850af931e9b64b12a995cc523685fc72c5abe241518dd8": {
            "hasGhcPkgConf": true
        },
        "relude-1.1.0.0-43409cafeb26214dc0bb450e01aee0db987fefc2d7c6c819a4df3f068ea47512": {
            "hasGhcPkgConf": true
        },
        "req-3.13.0-7f1c210271d257416f0536decaaeb6caeacc75f3ca9dc62ded74b5a715d34062": {
            "hasGhcPkgConf": true
        },
        "resourcet-1.2.6-bae9d46236814defa71253c871c55dba4287d64408175a603815f14f02505532": {
            "hasGhcPkgConf": true
        },
        "retry-0.9.3.0-cca24ae9a99fc5f1ef7ba236cfaba39aab8d7bc6a8397494e86cec9a6b70d4d8": {
            "hasGhcPkgConf": true
        },
        "safe-exceptions-0.1.7.3-d4429c09cc5c709e73fb396f2917284e873bd4622a8f0b824869535e8f42aba7": {
            "hasGhcPkgConf": true
        },
        "scientific-0.3.7.0-ba0ee9c4514d320163c29bcc7334efd55502b620aa1022e1faa7e21f48e45c89": {
            "hasGhcPkgConf": true
        },
        "semialign-1.2.0.1-25d75777605590509c0bd82d973c19f21cc8309dbf97db19b5792c35c97a2e69": {
            "hasGhcPkgConf": true
        },
        "semigroupoids-5.3.7-75a9155a9ad4469e141c9174971e6a3580d5874c1333915a39253007e7396812": {
            "hasGhcPkgConf": true
        },
        "servant-0.19.1-f638e7c8c897173306de04f9dbcc6f4a2a9f448c9096a5a7aa10f747a8fcaf46": {
            "hasGhcPkgConf": true
        },
        "servant-server-0.19.2-68407386e4233cc47a24de4bced7777d1c18a6ee529273b197c82dd6b769fb9b": {
            "hasGhcPkgConf": true
        },
        "simple-sendfile-0.2.30-a8a78c9af9065765f06c47ea1f77e908f6fbaaa59c561e282a69d72d55031519": {
            "hasGhcPkgConf": true
        },
        "singleton-bool-0.1.6-93d6bbba2894f5594f7e70c28ad08bce4956fe027c6f484103732a926e0d46f9": {
            "hasGhcPkgConf": true
        },
        "socks-0.6.1-7f2965ecbde9485509a64bb2ea0a72c94dd95ff89a131647bba32633aecc857c": {
            "hasGhcPkgConf": true
        },
        "some-1.0.4.1-41be54bc559ccb17ad95e421f3b5a07799b087879d95d2d81bed4437d21f4420": {
            "hasGhcPkgConf": true
        },
        "sop-core-0.5.0.2-a259d0c38b00893013204deecc52974037790916c7814d3e11a42d0bc6282402": {
            "hasGhcPkgConf": true
        },
        "splitmix-0.1.0.4-6525e81601e0d606db968cc7160e17855e9a3689f7d115d7c7cdee8c25faf71a": {
            "hasGhcPkgConf": true
        },
        "streaming-commons-0.2.2.5-a184b49498b0071410f0cbe89aedc9f5984bc503ccb398fdff7a79a038d08f38": {
            "hasGhcPkgConf": true
        },
        "strict-0.4.0.1-be3be638474639897a35363122551f1fe33d3344a4706d411bc002b67270aff2": {
            "hasGhcPkgConf": true
        },
        "string-conversions-0.4.0.1-70434d588ee94066586e3a1a8732147c1e1df691388bfa44afee56806b07384d": {
            "hasGhcPkgConf": true
        },
        "tagged-0.8.7-02fde5088860f1bc09b2fc2ad7f409089f85ca4b66a2f9d194faee207b2c408b": {
            "hasGhcPkgConf": true
        },
        "text-short-0.1.5-be4d079c3cd7f15e6bac8d4b2ee0ded417885281e77d65573dc50ef9acef63f6": {
            "hasGhcPkgConf": true
        },
        "th-abstraction-0.4.5.0-bf9c60a8b46330dcf8aca48df234ec6cffcf562636e828d9dd7906f44673db8a": {
            "hasGhcPkgConf": true
        },
        "th-compat-0.1.4-bbd230883f0654592147257f060000ac46f4952ca4c0e59b2ae40dd9aacdfea5": {
            "hasGhcPkgConf": true
        },
        "these-1.1.1.1-e34f550d8c209ea39a9848a90e77b8013c0141359462d665b5ff417ba21cb1ff": {
            "hasGhcPkgConf": true
        },
        "time-compat-1.9.6.1-43aacd67f30e07129c6df4182415be4dddb845f1b05b1bfe6d7e69096a67c091": {
            "hasGhcPkgConf": true
        },
        "time-manager-0.0.0-de6502eaecbe36b2637ca82173db7255eb1f90f9a13dd3a9893aca1f62230527": {
            "hasGhcPkgConf": true
        },
        "tls-1.6.0-6f7a9814208f4195e40bff04cc1ba9f89228066e1cfce0a03dd0f1d1543529a2": {
            "hasGhcPkgConf": true
        },
        "transformers-base-0.4.6-c7b67efdddb5dd6dfc87df5d52c736ad011fda80f56eccf160020eb9d0796ce0": {
            "hasGhcPkgConf": true
        },
        "transformers-compat-0.7.2-8e89728e0d3ab08b3fb2aa30ec65bd77196cc3e58cebad142f7ee92c9049acec": {
            "hasGhcPkgConf": true
        },
        "type-equality-1-7fce739e51310bab9d76ca93f3f9aaffba35c8babbc7c95aa4b8a657e79e5969": {
            "hasGhcPkgConf": true
        },
        "unix-compat-0.6-2eeca6ebb09088c3703a0cf0547a8387259e6842d6e89cdef1cccd713a00b675": {
            "hasGhcPkgConf": true
        },
        "unix-time-0.4.8-6c4cd7885dbd2e0b692cc5ac7e71807255a01f70f00fb752c6731e3e00cdcb2c": {
            "hasGhcPkgConf": true
        },
        "unliftio-0.2.24.0-f204741edbc5b63e3515bc201737d598459575f8e71670004cf895d6be9efbc2": {
            "hasGhcPkgConf": true
        },
        "unliftio-core-0.2.1.0-66a0a7a60e39de2ec88a5d14e6dea659a1fd58277feda63d6630875a8532d91a": {
            "hasGhcPkgConf": true
        },
        "unordered-containers-0.2.19.1-0b88899b9208bcc9886a3657768d28a683718b331f0841b78f49d493000e7955": {
            "hasGhcPkgConf": true
        },
        "utf8-string-1.0.2-c06b5e9bb83f541982eefbf97cd6fad877f7521df30b15f3c8072cc386bd7ffd": {
            "hasGhcPkgConf": true
        },
        "uuid-types-1.0.5-275b4fee87fdc48f3d55064476836ba2bc48534f8e47f29986ce0690b9f50fe2": {
            "hasGhcPkgConf": true
        },
        "vault-0.3.1.5-5af634c324fc92606860d7f1bb5f0392c5d3dd849e29ace7c74faebee8138523": {
            "hasGhcPkgConf": true
        },
        "vector-0.13.0.0-c3c1323756c917ed18709499a04df2b7677030ed59d1c52870e14a852f13773f": {
            "hasGhcPkgConf": true
        },
        "vector-stream-0.1.0.0-e9255fc495dd08f4c37568cbb86089825e2b55d19c84b761ffb01036490dd871": {
            "hasGhcPkgConf": true
        },
        "wai-3.2.3-836e370bbc04ad5c3f1bed6893f0944e1a8aed82dfb9ac3b693f588bdfbded4f": {
            "hasGhcPkgConf": true
        },
        "wai-app-static-3.1.7.4-37c6f85667e4b2063db4274208a7423e3b9c1e9be02a583510dea87d1ca8bb37": {
            "hasGhcPkgConf": true
        },
        "wai-extra-3.1.13.0-cb6980f465f6c47e3195d837f8ca162dba05802b27a04e7793e0f9fd3a2ac5a3": {
            "hasGhcPkgConf": true
        },
        "wai-logger-2.4.0-4835c366c08d5bca3165062227f96136f73304ab1c204bf97fe7e6de796285b5": {
            "hasGhcPkgConf": true
        },
        "warp-3.3.23-b341e517f5df010e77663eacacbf90ab97ad62ed3ed3d55d7ac3448081e07dcf": {
            "hasGhcPkgConf": true
        },
        "with-utf8-1.0.2.3-f9a01c6a979c087fe72fb4686683c0926694b5c23dcc2e4d16445af2e74e5c15": {
            "hasGhcPkgConf": true
        },
        "witherable-0.4.2-3a0f0bc107dcbbc6fe00646e2f3cd2680e85c72e092d7644e9e141b3b56da172": {
            "hasGhcPkgConf": true
        },
        "word8-0.1.3-df3b098fa8a61c29f9121eab8b076388eb543b506076a064a5b0daac7a4b907d": {
            "hasGhcPkgConf": true
        },
        "x509-1.7.7-37199cd799944b693fb358f043f989af3695ba0475db57f8aff622899cc0aa0e": {
            "hasGhcPkgConf": true
        },
        "x509-store-1.6.9-924de0960065c44e61d65e955b89d264b845c95d3014c7306faa542ccdc00049": {
            "hasGhcPkgConf": true
        },
        "x509-system-1.6.7-79614c846e491c67766c24343f08c7f08e066dbccd4b644381d958746a92fa5c": {
            "hasGhcPkgConf": true
        },
        "x509-validation-1.6.12-c5e89e58f01bc5f0f5172bbbcedaa840334dab6e7da8775f2ba5202c7321225f": {
            "hasGhcPkgConf": true
        },
        "zip-archive-0.4.2.2-d2f1e8a7fb82b2d22d078e7d407235675455b83f7f77c96bc2750e913db91cab": {
            "hasGhcPkgConf": true
        },
        "zlib-0.6.3.0-05380042cb7e20e9f24b3a321a54a01faac1b0f8fb841b335b6bca4ec9939dc1": {
            "hasGhcPkgConf": true
        },
        "zstd-0.1.3.0-eacce831d15eb35a675a68621a72fe9aeaada710c6e7d082dfb5e1d30c943d1d": {
            "hasGhcPkgConf": true
        }
    }
}